PODS:
  - PromisesObjC (1.0.8)
  - PromisesSwift (1.0.8):
    - PromisesObjC (= 1.0.8)

DEPENDENCIES:
  - PromisesSwift (~> 1.0.6)

SPEC REPOS:
  https://github.com/cocoapods/specs.git:
    - PromisesObjC
    - PromisesSwift

SPEC CHECKSUMS:
  PromisesObjC: 51435f4ea6fb4ad2f1684cd59aeda60f3c274f4a
  PromisesSwift: 3e2db3a3bee4c7df64ebac32541cd69d4a47c6a3

PODFILE CHECKSUM: fb637e2c9b29d46655220b75af105509184aefbf

COCOAPODS: 1.5.3
